
Microsoft Visual Studio Solution File, Format Version 12.00
# Visual Studio Version 17
VisualStudioVersion = 17.11.35312.102
MinimumVisualStudioVersion = 10.0.40219.1
Project("{9A19103F-16F7-4668-BE54-9A1E7A4F7556}") = "Painel.Investimento.API", "Painel.Investimento.API\Painel.Investimento.API.csproj", "{93CC6848-3006-41EA-A012-6371D4038E01}"
EndProject
Project("{9A19103F-16F7-4668-BE54-9A1E7A4F7556}") = "Painel.Investimento.Aplication", "Painel.Investimento.Aplication\Painel.Investimento.Aplication.csproj", "{ED22D17C-72DE-430E-B9D3-42AAA5261FDA}"
EndProject
Project("{9A19103F-16F7-4668-BE54-9A1E7A4F7556}") = "Painel.Investimento.Domain", "Painel.Investimento.Domain\Painel.Investimento.Domain.csproj", "{CD4FEA99-78EE-4476-86A1-ADA1935E769C}"
EndProject
Project("{9A19103F-16F7-4668-BE54-9A1E7A4F7556}") = "Painel.investimento.Infra", "Painel.investimento.Infra\Painel.investimento.Infra.csproj", "{C2F3A850-9D74-45B4-8610-A71D6155FC0E}"
EndProject
Project("{9A19103F-16F7-4668-BE54-9A1E7A4F7556}") = "Painel.Investimento.IntegrationTests", "Painel.Investimento.IntegrationTests\Painel.Investimento.IntegrationTests.csproj", "{FC001D6F-07B6-4F0B-A501-626814F8748F}"
EndProject
Project("{9A19103F-16F7-4668-BE54-9A1E7A4F7556}") = "Painel.Investimento.Testes", "Painel.Investimento.Testes\Painel.Investimento.Testes.csproj", "{644139EB-0FC7-4982-8F51-D12550CECDBA}"
EndProject
Project("{2150E333-8FDC-42A3-9474-1A3956D46DE8}") = "Itens de Solução", "Itens de Solução", "{B03F5FCE-C12C-49B6-A9E2-5353C3054F49}"
	ProjectSection(SolutionItems) = preProject
		docker-compose.yml = docker-compose.yml
	EndProjectSection
EndProject
Global
	GlobalSection(SolutionConfigurationPlatforms) = preSolution
		Debug|Any CPU = Debug|Any CPU
		Release|Any CPU = Release|Any CPU
	EndGlobalSection
	GlobalSection(ProjectConfigurationPlatforms) = postSolution
		{93CC6848-3006-41EA-A012-6371D4038E01}.Debug|Any CPU.ActiveCfg = Debug|Any CPU
		{93CC6848-3006-41EA-A012-6371D4038E01}.Debug|Any CPU.Build.0 = Debug|Any CPU
		{93CC6848-3006-41EA-A012-6371D4038E01}.Release|Any CPU.ActiveCfg = Release|Any CPU
		{93CC6848-3006-41EA-A012-6371D4038E01}.Release|Any CPU.Build.0 = Release|Any CPU
		{ED22D17C-72DE-430E-B9D3-42AAA5261FDA}.Debug|Any CPU.ActiveCfg = Debug|Any CPU
		{ED22D17C-72DE-430E-B9D3-42AAA5261FDA}.Debug|Any CPU.Build.0 = Debug|Any CPU
		{ED22D17C-72DE-430E-B9D3-42AAA5261FDA}.Release|Any CPU.ActiveCfg = Release|Any CPU
		{ED22D17C-72DE-430E-B9D3-42AAA5261FDA}.Release|Any CPU.Build.0 = Release|Any CPU
		{CD4FEA99-78EE-4476-86A1-ADA1935E769C}.Debug|Any CPU.ActiveCfg = Debug|Any CPU
		{CD4FEA99-78EE-4476-86A1-ADA1935E769C}.Debug|Any CPU.Build.0 = Debug|Any CPU
		{CD4FEA99-78EE-4476-86A1-ADA1935E769C}.Release|Any CPU.ActiveCfg = Release|Any CPU
		{CD4FEA99-78EE-4476-86A1-ADA1935E769C}.Release|Any CPU.Build.0 = Release|Any CPU
		{C2F3A850-9D74-45B4-8610-A71D6155FC0E}.Debug|Any CPU.ActiveCfg = Debug|Any CPU
		{C2F3A850-9D74-45B4-8610-A71D6155FC0E}.Debug|Any CPU.Build.0 = Debug|Any CPU
		{C2F3A850-9D74-45B4-8610-A71D6155FC0E}.Release|Any CPU.ActiveCfg = Release|Any CPU
		{C2F3A850-9D74-45B4-8610-A71D6155FC0E}.Release|Any CPU.Build.0 = Release|Any CPU
		{FC001D6F-07B6-4F0B-A501-626814F8748F}.Debug|Any CPU.ActiveCfg = Debug|Any CPU
		{FC001D6F-07B6-4F0B-A501-626814F8748F}.Debug|Any CPU.Build.0 = Debug|Any CPU
		{FC001D6F-07B6-4F0B-A501-626814F8748F}.Release|Any CPU.ActiveCfg = Release|Any CPU
		{FC001D6F-07B6-4F0B-A501-626814F8748F}.Release|Any CPU.Build.0 = Release|Any CPU
		{644139EB-0FC7-4982-8F51-D12550CECDBA}.Debug|Any CPU.ActiveCfg = Debug|Any CPU
		{644139EB-0FC7-4982-8F51-D12550CECDBA}.Debug|Any CPU.Build.0 = Debug|Any CPU
		{644139EB-0FC7-4982-8F51-D12550CECDBA}.Release|Any CPU.ActiveCfg = Release|Any CPU
		{644139EB-0FC7-4982-8F51-D12550CECDBA}.Release|Any CPU.Build.0 = Release|Any CPU
	EndGlobalSection
	GlobalSection(SolutionProperties) = preSolution
		HideSolutionNode = FALSE
	EndGlobalSection
	GlobalSection(ExtensibilityGlobals) = postSolution
		SolutionGuid = {B6712195-5387-4CA5-AC59-7472AAD63310}
	EndGlobalSection
EndGlobal
